
Microsoft Visual Studio Solution File, Format Version 12.00
# Visual Studio Version 17
VisualStudioVersion = 17.0.31903.59
MinimumVisualStudioVersion = 10.0.40219.1
Project("{2150E333-8FDC-42A3-9474-1A3956D46DE8}") = "src", "src", "{F39D16FA-0715-4E4B-BCD0-CFA82EF58B25}"
EndProject
Project("{F2A71F9B-5D33-465A-A702-920D77279786}") = "FlowKit", "src\FlowKit\FlowKit.fsproj", "{5C1ACFC8-8FEE-490D-A919-FE94C92C3331}"
EndProject
Project("{2150E333-8FDC-42A3-9474-1A3956D46DE8}") = "examples", "examples", "{B36A84DF-456D-A817-6EDD-3EC3E7F6E11F}"
EndProject
Project("{F2A71F9B-5D33-465A-A702-920D77279786}") = "FlowKit.Examples", "examples\FlowKit.Examples\FlowKit.Examples.fsproj", "{77BB3E57-00A7-4DE0-B65D-34AEA8FD11CB}"
EndProject
Project("{F2A71F9B-5D33-465A-A702-920D77279786}") = "FlowKit.MaintenanceExamples", "examples\FlowKit.MaintenanceExamples\FlowKit.MaintenanceExamples.fsproj", "{A24CE0A5-22F0-482E-9ED0-0B4F584E24F5}"
EndProject
Project("{2150E333-8FDC-42A3-9474-1A3956D46DE8}") = "tests", "tests", "{0AB3BF05-4346-4AA6-1389-037BE0695223}"
EndProject
Project("{F2A71F9B-5D33-465A-A702-920D77279786}") = "FlowKit.Tests", "tests\FlowKit.Tests\FlowKit.Tests.fsproj", "{1787EB0E-CBC5-49FE-BECA-4FB00A89EABA}"
EndProject
Global
	GlobalSection(SolutionConfigurationPlatforms) = preSolution
		Debug|Any CPU = Debug|Any CPU
		Debug|x64 = Debug|x64
		Debug|x86 = Debug|x86
		Release|Any CPU = Release|Any CPU
		Release|x64 = Release|x64
		Release|x86 = Release|x86
	EndGlobalSection
	GlobalSection(ProjectConfigurationPlatforms) = postSolution
		{5C1ACFC8-8FEE-490D-A919-FE94C92C3331}.Debug|Any CPU.ActiveCfg = Debug|Any CPU
		{5C1ACFC8-8FEE-490D-A919-FE94C92C3331}.Debug|Any CPU.Build.0 = Debug|Any CPU
		{5C1ACFC8-8FEE-490D-A919-FE94C92C3331}.Debug|x64.ActiveCfg = Debug|Any CPU
		{5C1ACFC8-8FEE-490D-A919-FE94C92C3331}.Debug|x64.Build.0 = Debug|Any CPU
		{5C1ACFC8-8FEE-490D-A919-FE94C92C3331}.Debug|x86.ActiveCfg = Debug|Any CPU
		{5C1ACFC8-8FEE-490D-A919-FE94C92C3331}.Debug|x86.Build.0 = Debug|Any CPU
		{5C1ACFC8-8FEE-490D-A919-FE94C92C3331}.Release|Any CPU.ActiveCfg = Release|Any CPU
		{5C1ACFC8-8FEE-490D-A919-FE94C92C3331}.Release|Any CPU.Build.0 = Release|Any CPU
		{5C1ACFC8-8FEE-490D-A919-FE94C92C3331}.Release|x64.ActiveCfg = Release|Any CPU
		{5C1ACFC8-8FEE-490D-A919-FE94C92C3331}.Release|x64.Build.0 = Release|Any CPU
		{5C1ACFC8-8FEE-490D-A919-FE94C92C3331}.Release|x86.ActiveCfg = Release|Any CPU
		{5C1ACFC8-8FEE-490D-A919-FE94C92C3331}.Release|x86.Build.0 = Release|Any CPU
		{77BB3E57-00A7-4DE0-B65D-34AEA8FD11CB}.Debug|Any CPU.ActiveCfg = Debug|Any CPU
		{77BB3E57-00A7-4DE0-B65D-34AEA8FD11CB}.Debug|Any CPU.Build.0 = Debug|Any CPU
		{77BB3E57-00A7-4DE0-B65D-34AEA8FD11CB}.Debug|x64.ActiveCfg = Debug|Any CPU
		{77BB3E57-00A7-4DE0-B65D-34AEA8FD11CB}.Debug|x64.Build.0 = Debug|Any CPU
		{77BB3E57-00A7-4DE0-B65D-34AEA8FD11CB}.Debug|x86.ActiveCfg = Debug|Any CPU
		{77BB3E57-00A7-4DE0-B65D-34AEA8FD11CB}.Debug|x86.Build.0 = Debug|Any CPU
		{77BB3E57-00A7-4DE0-B65D-34AEA8FD11CB}.Release|Any CPU.ActiveCfg = Release|Any CPU
		{77BB3E57-00A7-4DE0-B65D-34AEA8FD11CB}.Release|Any CPU.Build.0 = Release|Any CPU
		{77BB3E57-00A7-4DE0-B65D-34AEA8FD11CB}.Release|x64.ActiveCfg = Release|Any CPU
		{77BB3E57-00A7-4DE0-B65D-34AEA8FD11CB}.Release|x64.Build.0 = Release|Any CPU
		{77BB3E57-00A7-4DE0-B65D-34AEA8FD11CB}.Release|x86.ActiveCfg = Release|Any CPU
		{77BB3E57-00A7-4DE0-B65D-34AEA8FD11CB}.Release|x86.Build.0 = Release|Any CPU
		{A24CE0A5-22F0-482E-9ED0-0B4F584E24F5}.Debug|Any CPU.ActiveCfg = Debug|Any CPU
		{A24CE0A5-22F0-482E-9ED0-0B4F584E24F5}.Debug|Any CPU.Build.0 = Debug|Any CPU
		{A24CE0A5-22F0-482E-9ED0-0B4F584E24F5}.Debug|x64.ActiveCfg = Debug|Any CPU
		{A24CE0A5-22F0-482E-9ED0-0B4F584E24F5}.Debug|x64.Build.0 = Debug|Any CPU
		{A24CE0A5-22F0-482E-9ED0-0B4F584E24F5}.Debug|x86.ActiveCfg = Debug|Any CPU
		{A24CE0A5-22F0-482E-9ED0-0B4F584E24F5}.Debug|x86.Build.0 = Debug|Any CPU
		{A24CE0A5-22F0-482E-9ED0-0B4F584E24F5}.Release|Any CPU.ActiveCfg = Release|Any CPU
		{A24CE0A5-22F0-482E-9ED0-0B4F584E24F5}.Release|Any CPU.Build.0 = Release|Any CPU
		{A24CE0A5-22F0-482E-9ED0-0B4F584E24F5}.Release|x64.ActiveCfg = Release|Any CPU
		{A24CE0A5-22F0-482E-9ED0-0B4F584E24F5}.Release|x64.Build.0 = Release|Any CPU
		{A24CE0A5-22F0-482E-9ED0-0B4F584E24F5}.Release|x86.ActiveCfg = Release|Any CPU
		{A24CE0A5-22F0-482E-9ED0-0B4F584E24F5}.Release|x86.Build.0 = Release|Any CPU
		{1787EB0E-CBC5-49FE-BECA-4FB00A89EABA}.Debug|Any CPU.ActiveCfg = Debug|Any CPU
		{1787EB0E-CBC5-49FE-BECA-4FB00A89EABA}.Debug|Any CPU.Build.0 = Debug|Any CPU
		{1787EB0E-CBC5-49FE-BECA-4FB00A89EABA}.Debug|x64.ActiveCfg = Debug|Any CPU
		{1787EB0E-CBC5-49FE-BECA-4FB00A89EABA}.Debug|x64.Build.0 = Debug|Any CPU
		{1787EB0E-CBC5-49FE-BECA-4FB00A89EABA}.Debug|x86.ActiveCfg = Debug|Any CPU
		{1787EB0E-CBC5-49FE-BECA-4FB00A89EABA}.Debug|x86.Build.0 = Debug|Any CPU
		{1787EB0E-CBC5-49FE-BECA-4FB00A89EABA}.Release|Any CPU.ActiveCfg = Release|Any CPU
		{1787EB0E-CBC5-49FE-BECA-4FB00A89EABA}.Release|Any CPU.Build.0 = Release|Any CPU
		{1787EB0E-CBC5-49FE-BECA-4FB00A89EABA}.Release|x64.ActiveCfg = Release|Any CPU
		{1787EB0E-CBC5-49FE-BECA-4FB00A89EABA}.Release|x64.Build.0 = Release|Any CPU
		{1787EB0E-CBC5-49FE-BECA-4FB00A89EABA}.Release|x86.ActiveCfg = Release|Any CPU
		{1787EB0E-CBC5-49FE-BECA-4FB00A89EABA}.Release|x86.Build.0 = Release|Any CPU
	EndGlobalSection
	GlobalSection(SolutionProperties) = preSolution
		HideSolutionNode = FALSE
	EndGlobalSection
	GlobalSection(NestedProjects) = preSolution
		{5C1ACFC8-8FEE-490D-A919-FE94C92C3331} = {F39D16FA-0715-4E4B-BCD0-CFA82EF58B25}
		{77BB3E57-00A7-4DE0-B65D-34AEA8FD11CB} = {B36A84DF-456D-A817-6EDD-3EC3E7F6E11F}
		{A24CE0A5-22F0-482E-9ED0-0B4F584E24F5} = {B36A84DF-456D-A817-6EDD-3EC3E7F6E11F}
		{1787EB0E-CBC5-49FE-BECA-4FB00A89EABA} = {0AB3BF05-4346-4AA6-1389-037BE0695223}
	EndGlobalSection
EndGlobal
